// !$*UTF8*$!
{
	archiveVersion = 1;
	classes = {
	};
	objectVersion = 46;
	objects = {

/* Begin PBXBuildFile section */
		15FADF9C2632D2B40066E64B /* AppDelegate.swift in Sources */ = {isa = PBXBuildFile; fileRef = 15FADF9B2632D2B40066E64B /* AppDelegate.swift */; };
		15FADF9E2632D2B40066E64B /* ViewController.swift in Sources */ = {isa = PBXBuildFile; fileRef = 15FADF9D2632D2B40066E64B /* ViewController.swift */; };
		15FADFA12632D2B40066E64B /* Main.storyboard in Resources */ = {isa = PBXBuildFile; fileRef = 15FADF9F2632D2B40066E64B /* Main.storyboard */; };
		15FADFA32632D2B40066E64B /* Assets.xcassets in Resources */ = {isa = PBXBuildFile; fileRef = 15FADFA22632D2B40066E64B /* Assets.xcassets */; };
		15FADFA62632D2B40066E64B /* LaunchScreen.storyboard in Resources */ = {isa = PBXBuildFile; fileRef = 15FADFA42632D2B40066E64B /* LaunchScreen.storyboard */; };
/* End PBXBuildFile section */

/* Begin PBXFileReference section */
		15FADF982632D2B40066E64B /* weekFinder.app */ = {isa = PBXFileReference; explicitFileType = wrapper.application; includeInIndex = 0; path = weekFinder.app; sourceTree = BUILT_PRODUCTS_DIR; };
		15FADF9B2632D2B40066E64B /* AppDelegate.swift */ = {isa = PBXFileReference; lastKnownFileType = sourcecode.swift; path = AppDelegate.swift; sourceTree = "<group>"; };
		15FADF9D2632D2B40066E64B /* ViewController.swift */ = {isa = PBXFileReference; lastKnownFileType = sourcecode.swift; path = ViewController.swift; sourceTree = "<group>"; };
		15FADFA02632D2B40066E64B /* Base */ = {isa = PBXFileReference; lastKnownFileType = file.storyboard; name = Base; path = Base.lproj/Main.storyboard; sourceTree = "<group>"; };
		15FADFA22632D2B40066E64B /* Assets.xcassets */ = {isa = PBXFileReference; lastKnownFileType = folder.assetcatalog; path = Assets.xcassets; sourceTree = "<group>"; };
		15FADFA52632D2B40066E64B /* Base */ = {isa = PBXFileReference; lastKnownFileType = file.storyboard; name = Base; path = Base.lproj/LaunchScreen.storyboard; sourceTree = "<group>"; };
		15FADFA72632D2B40066E64B /* Info.plist */ = {isa = PBXFileReference; lastKnownFileType = text.plist.xml; path = Info.plist; sourceTree = "<group>"; };
/* End PBXFileReference section */

/* Begin PBXFrameworksBuildPhase section */
		15FADF952632D2B40066E64B /* Frameworks */ = {
			isa = PBXFrameworksBuildPhase;
			buildActionMask = 2147483647;
			files = (
			);
			runOnlyForDeploymentPostprocessing = 0;
		};
/* End PBXFrameworksBuildPhase section */

/* Begin PBXGroup section */
		15FADF8F2632D2B40066E64B = {
			isa = PBXGroup;
			children = (
				15FADF9A2632D2B40066E64B /* weekFinder */,
				15FADF992632D2B40066E64B /* Products */,
			);
			sourceTree = "<group>";
		};
		15FADF992632D2B40066E64B /* Products */ = {
			isa = PBXGroup;
			children = (
				15FADF982632D2B40066E64B /* weekFinder.app */,
			);
			name = Products;
			sourceTree = "<group>";
		};
		15FADF9A2632D2B40066E64B /* weekFinder */ = {
			isa = PBXGroup;
			children = (
				15FADF9B2632D2B40066E64B /* AppDelegate.swift */,
				15FADF9D2632D2B40066E64B /* ViewController.swift */,
				15FADF9F2632D2B40066E64B /* Main.storyboard */,
				15FADFA22632D2B40066E64B /* Assets.xcassets */,
				15FADFA42632D2B40066E64B /* LaunchScreen.storyboard */,
				15FADFA72632D2B40066E64B /* Info.plist */,
			);
			path = weekFinder;
			sourceTree = "<group>";
		};
/* End PBXGroup section */

/* Begin PBXNativeTarget section */
		15FADF972632D2B40066E64B /* weekFinder */ = {
			isa = PBXNativeTarget;
			buildConfigurationList = 15FADFAA2632D2B40066E64B /* Build configuration list for PBXNativeTarget "weekFinder" */;
			buildPhases = (
				15FADF942632D2B40066E64B /* Sources */,
				15FADF952632D2B40066E64B /* Frameworks */,
				15FADF962632D2B40066E64B /* Resources */,
			);
			buildRules = (
			);
			dependencies = (
			);
			name = weekFinder;
			productName = weekFinder;
			productReference = 15FADF982632D2B40066E64B /* weekFinder.app */;
			productType = "com.apple.product-type.application";
		};
/* End PBXNativeTarget section */

/* Begin PBXProject section */
		15FADF902632D2B40066E64B /* Project object */ = {
			isa = PBXProject;
			attributes = {
				LastSwiftUpdateCheck = 0820;
				LastUpgradeCheck = 0820;
				ORGANIZATIONNAME = "Zodino BLR";
				TargetAttributes = {
					15FADF972632D2B40066E64B = {
						CreatedOnToolsVersion = 8.2.1;
						DevelopmentTeam = KRD8B8VYWT;
						ProvisioningStyle = Automatic;
					};
				};
			};
			buildConfigurationList = 15FADF932632D2B40066E64B /* Build configuration list for PBXProject "weekFinder" */;
			compatibilityVersion = "Xcode 3.2";
			developmentRegion = English;
			hasScannedForEncodings = 0;
			knownRegions = (
				en,
				Base,
			);
			mainGroup = 15FADF8F2632D2B40066E64B;
			productRefGroup = 15FADF992632D2B40066E64B /* Products */;
			projectDirPath = "";
			projectRoot = "";
			targets = (
				15FADF972632D2B40066E64B /* weekFinder */,
			);
		};
/* End PBXProject section */

/* Begin PBXResourcesBuildPhase section */
		15FADF962632D2B40066E64B /* Resources */ = {
			isa = PBXResourcesBuildPhase;
			buildActionMask = 2147483647;
			files = (
				15FADFA62632D2B40066E64B /* LaunchScreen.storyboard in Resources */,
				15FADFA32632D2B40066E64B /* Assets.xcassets in Resources */,
				15FADFA12632D2B40066E64B /* Main.storyboard in Resources */,
			);
			runOnlyForDeploymentPostprocessing = 0;
		};
/* End PBXResourcesBuildPhase section */

/* Begin PBXSourcesBuildPhase section */
		15FADF942632D2B40066E64B /* Sources */ = {
			isa = PBXSourcesBuildPhase;
			buildActionMask = 2147483647;
			files = (
				15FADF9E2632D2B40066E64B /* ViewController.swift in Sources */,
				15FADF9C2632D2B40066E64B /* AppDelegate.swift in Sources */,
			);
			runOnlyForDeploymentPostprocessing = 0;
		};
/* End PBXSourcesBuildPhase section */

/* Begin PBXVariantGroup section */
		15FADF9F2632D2B40066E64B /* Main.storyboard */ = {
			isa = PBXVariantGroup;
			children = (
				15FADFA02632D2B40066E64B /* Base */,
			);
			name = Main.storyboard;
			sourceTree = "<group>";
		};
		15FADFA42632D2B40066E64B /* LaunchScreen.storyboard */ = {
			isa = PBXVariantGroup;
			children = (
				15FADFA52632D2B40066E64B /* Base */,
			);
			name = LaunchScreen.storyboard;
			sourceTree = "<group>";
		};
/* End PBXVariantGroup section */

/* Begin XCBuildConfiguration section */
		15FADFA82632D2B40066E64B /* Debug */ = {
			isa = XCBuildConfiguration;
			buildSettings = {
				ALWAYS_SEARCH_USER_PATHS = NO;
				CLANG_ANALYZER_NONNULL = YES;
				CLANG_CXX_LANGUAGE_STANDARD = "gnu++0x";
				CLANG_CXX_LIBRARY = "libc++";
				CLANG_ENABLE_MODULES = YES;
				CLANG_ENABLE_OBJC_ARC = YES;
				CLANG_WARN_BOOL_CONVERSION = YES;
				CLANG_WARN_CONSTANT_CONVERSION = YES;
				CLANG_WARN_DIRECT_OBJC_ISA_USAGE = YES_ERROR;
				CLANG_WARN_DOCUMENTATION_COMMENTS = YES;
				CLANG_WARN_EMPTY_BODY = YES;
				CLANG_WARN_ENUM_CONVERSION = YES;
				CLANG_WARN_INFINITE_RECURSION = YES;
				CLANG_WARN_INT_CONVERSION = YES;
				CLANG_WARN_OBJC_ROOT_CLASS = YES_ERROR;
				CLANG_WARN_SUSPICIOUS_MOVE = YES;
				CLANG_WARN_UNREACHABLE_CODE = YES;
				CLANG_WARN__DUPLICATE_METHOD_MATCH = YES;
				"CODE_SIGN_IDENTITY[sdk=iphoneos*]" = "iPhone Developer";
				COPY_PHASE_STRIP = NO;
				DEBUG_INFORMATION_FORMAT = dwarf;
				ENABLE_STRICT_OBJC_MSGSEND = YES;
				ENABLE_TESTABILITY = YES;
				GCC_C_LANGUAGE_STANDARD = gnu99;
				GCC_DYNAMIC_NO_PIC = NO;
				GCC_NO_COMMON_BLOCKS = YES;
				GCC_OPTIMIZATION_LEVEL = 0;
				GCC_PREPROCESSOR_DEFINITIONS = (
					"DEBUG=1",
					"$(inherited)",
				);
				GCC_WARN_64_TO_32_BIT_CONVERSION = YES;
				GCC_WARN_ABOUT_RETURN_TYPE = YES_ERROR;
				GCC_WARN_UNDECLARED_SELECTOR = YES;
				GCC_WARN_UNINITIALIZED_AUTOS = YES_AGGRESSIVE;
				GCC_WARN_UNUSED_FUNCTION = YES;
				GCC_WARN_UNUSED_VARIABLE = YES;
				IPHONEOS_DEPLOYMENT_TARGET = 10.2;
				MTL_ENABLE_DEBUG_INFO = YES;
				ONLY_ACTIVE_ARCH = YES;
				SDKROOT = iphoneos;
				SWIFT_ACTIVE_COMPILATION_CONDITIONS = DEBUG;
				SWIFT_OPTIMIZATION_LEVEL = "-Onone";
				TARGETED_DEVICE_FAMILY = "1,2";
			};
			name = Debug;
		};
		15FADFA92632D2B40066E64B /* Release */ = {
			isa = XCBuildConfiguration;
			buildSettings = {
				ALWAYS_SEARCH_USER_PATHS = NO;
				CLANG_ANALYZER_NONNULL = YES;
				CLANG_CXX_LANGUAGE_STANDARD = "gnu++0x";
				CLANG_CXX_LIBRARY = "libc++";
				CLANG_ENABLE_MODULES = YES;
				CLANG_ENABLE_OBJC_ARC = YES;
				CLANG_WARN_BOOL_CONVERSION = YES;
				CLANG_WARN_CONSTANT_CONVERSION = YES;
				CLANG_WARN_DIRECT_OBJC_ISA_USAGE = YES_ERROR;
				CLANG_WARN_DOCUMENTATION_COMMENTS = YES;
				CLANG_WARN_EMPTY_BODY = YES;
				CLANG_WARN_ENUM_CONVERSION = YES;
				CLANG_WARN_INFINITE_RECURSION = YES;
				CLANG_WARN_INT_CONVERSION = YES;
				CLANG_WARN_OBJC_ROOT_CLASS = YES_ERROR;
				CLANG_WARN_SUSPICIOUS_MOVE = YES;
				CLANG_WARN_UNREACHABLE_CODE = YES;
				CLANG_WARN__DUPLICATE_METHOD_MATCH = YES;
				"CODE_SIGN_IDENTITY[sdk=iphoneos*]" = "iPhone Developer";
				COPY_PHASE_STRIP = NO;
				DEBUG_INFORMATION_FORMAT = "dwarf-with-dsym";
				ENABLE_NS_ASSERTIONS = NO;
				ENABLE_STRICT_OBJC_MSGSEND = YES;
				GCC_C_LANGUAGE_STANDARD = gnu99;
				GCC_NO_COMMON_BLOCKS = YES;
				GCC_WARN_64_TO_32_BIT_CONVERSION = YES;
				GCC_WARN_ABOUT_RETURN_TYPE = YES_ERROR;
				GCC_WARN_UNDECLARED_SELECTOR = YES;
				GCC_WARN_UNINITIALIZED_AUTOS = YES_AGGRESSIVE;
				GCC_WARN_UNUSED_FUNCTION = YES;
				GCC_WARN_UNUSED_VARIABLE = YES;
				IPHONEOS_DEPLOYMENT_TARGET = 10.2;
				MTL_ENABLE_DEBUG_INFO = NO;
				SDKROOT = iphoneos;
				SWIFT_OPTIMIZATION_LEVEL = "-Owholemodule";
				TARGETED_DEVICE_FAMILY = "1,2";
				VALIDATE_PRODUCT = YES;
			};
			name = Release;
		};
		15FADFAB2632D2B40066E64B /* Debug */ = {
			isa = XCBuildConfiguration;
			buildSettings = {
				ASSETCATALOG_COMPILER_APPICON_NAME = AppIcon;
				DEVELOPMENT_TEAM = KRD8B8VYWT;
				INFOPLIST_FILE = weekFinder/Info.plist;
				LD_RUNPATH_SEARCH_PATHS = "$(inherited) @executable_path/Frameworks";
				PRODUCT_BUNDLE_IDENTIFIER = One.weekFinder;
				PRODUCT_NAME = "$(TARGET_NAME)";
				SWIFT_VERSION = 3.0;
			};
			name = Debug;
		};
		15FADFAC2632D2B40066E64B /* Release */ = {
			isa = XCBuildConfiguration;
			buildSettings = {
				ASSETCATALOG_COMPILER_APPICON_NAME = AppIcon;
				DEVELOPMENT_TEAM = KRD8B8VYWT;
				INFOPLIST_FILE = weekFinder/Info.plist;
				LD_RUNPATH_SEARCH_PATHS = "$(inherited) @executable_path/Frameworks";
				PRODUCT_BUNDLE_IDENTIFIER = One.weekFinder;
				PRODUCT_NAME = "$(TARGET_NAME)";
				SWIFT_VERSION = 3.0;
			};
			name = Release;
		};
/* End XCBuildConfiguration section */

/* Begin XCConfigurationList section */
		15FADF932632D2B40066E64B /* Build configuration list for PBXProject "weekFinder" */ = {
			isa = XCConfigurationList;
			buildConfigurations = (
				15FADFA82632D2B40066E64B /* Debug */,
				15FADFA92632D2B40066E64B /* Release */,
			);
			defaultConfigurationIsVisible = 0;
			defaultConfigurationName = Release;
		};
		15FADFAA2632D2B40066E64B /* Build configuration list for PBXNativeTarget "weekFinder" */ = {
			isa = XCConfigurationList;
			buildConfigurations = (
				15FADFAB2632D2B40066E64B /* Debug */,
				15FADFAC2632D2B40066E64B /* Release */,
			);
			defaultConfigurationIsVisible = 0;
		};
/* End XCConfigurationList section */
	};
	rootObject = 15FADF902632D2B40066E64B /* Project object */;
}
